
Microsoft Visual Studio Solution File, Format Version 12.00
# Visual Studio Version 16
VisualStudioVersion = 16.0.31402.337
MinimumVisualStudioVersion = 10.0.40219.1
Project("{FAE04EC0-301F-11D3-BF4B-00C04F79EFBC}") = "Lesson 3 HW Arrays basic", "Lesson 3 HW Arrays basic\Lesson 3 HW Arrays basic.csproj", "{7069E0A1-4111-4D04-89FC-FF791AADF2A3}"
EndProject
Global
	GlobalSection(SolutionConfigurationPlatforms) = preSolution
		Debug|Any CPU = Debug|Any CPU
		Release|Any CPU = Release|Any CPU
	EndGlobalSection
	GlobalSection(ProjectConfigurationPlatforms) = postSolution
		{7069E0A1-4111-4D04-89FC-FF791AADF2A3}.Debug|Any CPU.ActiveCfg = Debug|Any CPU
		{7069E0A1-4111-4D04-89FC-FF791AADF2A3}.Debug|Any CPU.Build.0 = Debug|Any CPU
		{7069E0A1-4111-4D04-89FC-FF791AADF2A3}.Release|Any CPU.ActiveCfg = Release|Any CPU
		{7069E0A1-4111-4D04-89FC-FF791AADF2A3}.Release|Any CPU.Build.0 = Release|Any CPU
	EndGlobalSection
	GlobalSection(SolutionProperties) = preSolution
		HideSolutionNode = FALSE
	EndGlobalSection
	GlobalSection(ExtensibilityGlobals) = postSolution
		SolutionGuid = {4F225194-D003-4D01-BAF4-14E1B5FCF372}
	EndGlobalSection
EndGlobal
